<?xml version="1.0" encoding="utf-8"?>
<Project ToolsVersion="4.0" xmlns="http://schemas.microsoft.com/developer/msbuild/2003">
  <ItemGroup>
    <Filter Include="ソース ファイル">
      <UniqueIdentifier>{4FC737F1-C7A5-4376-A066-2A32D752A2FF}</UniqueIdentifier>
      <Extensions>cpp;c;cc;cxx;def;odl;idl;hpj;bat;asm;asmx</Extensions>
    </Filter>
    <Filter Include="ヘッダー ファイル">
      <UniqueIdentifier>{93995380-89BD-4b04-88EB-625FBE52EBFB}</UniqueIdentifier>
      <Extensions>h;hpp;hxx;hm;inl;inc;xsd</Extensions>
    </Filter>
    <Filter Include="リソース ファイル">
      <UniqueIdentifier>{67DA6AB6-F800-4c08-8B7A-83BB121AAD01}</UniqueIdentifier>
      <Extensions>rc;ico;cur;bmp;dlg;rc2;rct;bin;rgs;gif;jpg;jpeg;jpe;resx;tiff;tif;png;wav;mfcribbon-ms</Extensions>
    </Filter>
    <Filter Include="ソース ファイル\GamePad">
      <UniqueIdentifier>{4f8262e1-5e5f-4418-9f21-306c8dd135ee}</UniqueIdentifier>
    </Filter>
    <Filter Include="ヘッダー ファイル\GamePad">
      <UniqueIdentifier>{017f3bfc-96a5-4a85-b868-39dfa3ca48af}</UniqueIdentifier>
    </Filter>
  </ItemGroup>
  <ItemGroup>
    <ClCompile Include="DisplayMain.cpp">
      <Filter>ソース ファイル</Filter>
    </ClCompile>
    <ClCompile Include="LogiPadVehicle.cpp">
      <Filter>ソース ファイル\GamePad</Filter>
    </ClCompile>
    <ClCompile Include="XboxController.cpp">
      <Filter>ソース ファイル\GamePad</Filter>
    </ClCompile>
    <ClCompile Include="RoadDataSet.cpp">
      <Filter>ソース ファイル</Filter>
    </ClCompile>
    <ClCompile Include="VehicleKinematics.cpp">
      <Filter>ソース ファイル</Filter>
    </ClCompile>
    <ClCompile Include="StateVectorDefinition.cpp">
      <Filter>ソース ファイル</Filter>
    </ClCompile>
    <ClCompile Include="QLearningController.cpp">
      <Filter>ソース ファイル</Filter>
    </ClCompile>
  </ItemGroup>
  <ItemGroup>
    <ClInclude Include="MathTool.h">
      <Filter>ヘッダー ファイル</Filter>
    </ClInclude>
    <ClInclude Include="CoorSys.h">
      <Filter>ヘッダー ファイル</Filter>
    </ClInclude>
    <ClInclude Include="XboxController.h">
      <Filter>ヘッダー ファイル\GamePad</Filter>
    </ClInclude>
    <ClInclude Include="LogiPadVehicle.h">
      <Filter>ヘッダー ファイル\GamePad</Filter>
    </ClInclude>
    <ClInclude Include="RoadDataSet.h">
      <Filter>ヘッダー ファイル</Filter>
    </ClInclude>
    <ClInclude Include="VehicleKinematics.h">
      <Filter>ヘッダー ファイル</Filter>
    </ClInclude>
    <ClInclude Include="StateVectorDefinition.h">
      <Filter>ヘッダー ファイル</Filter>
    </ClInclude>
    <ClInclude Include="QLearningController.h">
      <Filter>ヘッダー ファイル</Filter>
    </ClInclude>
  </ItemGroup>
</Project>